
Microsoft Visual Studio Solution File, Format Version 12.00
Project("{FAE04EC0-301F-11D3-BF4B-00C04F79EFBC}") = "Bouncing Balls", "Bouncing Balls\Bouncing Balls.csproj", "{F1D11FF7-151F-4C4D-AC73-85AA814749DF}"
EndProject
Global
	GlobalSection(SolutionConfigurationPlatforms) = preSolution
		Debug|Any CPU = Debug|Any CPU
		Release|Any CPU = Release|Any CPU
	EndGlobalSection
	GlobalSection(ProjectConfigurationPlatforms) = postSolution
		{F1D11FF7-151F-4C4D-AC73-85AA814749DF}.Debug|Any CPU.ActiveCfg = Debug|Any CPU
		{F1D11FF7-151F-4C4D-AC73-85AA814749DF}.Debug|Any CPU.Build.0 = Debug|Any CPU
		{F1D11FF7-151F-4C4D-AC73-85AA814749DF}.Release|Any CPU.ActiveCfg = Release|Any CPU
		{F1D11FF7-151F-4C4D-AC73-85AA814749DF}.Release|Any CPU.Build.0 = Release|Any CPU
	EndGlobalSection
EndGlobal
